
Microsoft Visual Studio Solution File, Format Version 12.00
# Visual Studio Version 16
VisualStudioVersion = 16.0.29009.5
MinimumVisualStudioVersion = 10.0.40219.1
Project("{FAE04EC0-301F-11D3-BF4B-00C04F79EFBC}") = "CarEvent", "CarEvent\CarEvent.csproj", "{FEEC40E5-253A-438A-BC11-40CBED65786E}"
EndProject
Global
	GlobalSection(SolutionConfigurationPlatforms) = preSolution
		Debug|Any CPU = Debug|Any CPU
		Release|Any CPU = Release|Any CPU
	EndGlobalSection
	GlobalSection(ProjectConfigurationPlatforms) = postSolution
		{FEEC40E5-253A-438A-BC11-40CBED65786E}.Debug|Any CPU.ActiveCfg = Debug|Any CPU
		{FEEC40E5-253A-438A-BC11-40CBED65786E}.Debug|Any CPU.Build.0 = Debug|Any CPU
		{FEEC40E5-253A-438A-BC11-40CBED65786E}.Release|Any CPU.ActiveCfg = Release|Any CPU
		{FEEC40E5-253A-438A-BC11-40CBED65786E}.Release|Any CPU.Build.0 = Release|Any CPU
	EndGlobalSection
	GlobalSection(SolutionProperties) = preSolution
		HideSolutionNode = FALSE
	EndGlobalSection
	GlobalSection(ExtensibilityGlobals) = postSolution
		SolutionGuid = {F7E8FD4C-51C4-439E-AA83-3F1B352C5E78}
	EndGlobalSection
EndGlobal
